
Microsoft Visual Studio Solution File, Format Version 12.00
# Visual Studio Version 17
VisualStudioVersion = 17.14.36414.22 d17.14
MinimumVisualStudioVersion = 10.0.40219.1
Project("{FAE04EC0-301F-11D3-BF4B-00C04F79EFBC}") = "miniräknareÖvning", "miniräknareÖvning\miniräknareÖvning.csproj", "{B28DD5A3-4CD6-4D5C-B38A-199A841698BC}"
EndProject
Global
	GlobalSection(SolutionConfigurationPlatforms) = preSolution
		Debug|Any CPU = Debug|Any CPU
		Release|Any CPU = Release|Any CPU
	EndGlobalSection
	GlobalSection(ProjectConfigurationPlatforms) = postSolution
		{B28DD5A3-4CD6-4D5C-B38A-199A841698BC}.Debug|Any CPU.ActiveCfg = Debug|Any CPU
		{B28DD5A3-4CD6-4D5C-B38A-199A841698BC}.Debug|Any CPU.Build.0 = Debug|Any CPU
		{B28DD5A3-4CD6-4D5C-B38A-199A841698BC}.Release|Any CPU.ActiveCfg = Release|Any CPU
		{B28DD5A3-4CD6-4D5C-B38A-199A841698BC}.Release|Any CPU.Build.0 = Release|Any CPU
	EndGlobalSection
	GlobalSection(SolutionProperties) = preSolution
		HideSolutionNode = FALSE
	EndGlobalSection
	GlobalSection(ExtensibilityGlobals) = postSolution
		SolutionGuid = {E8987A1A-80BC-4084-84AF-29723014C7C4}
	EndGlobalSection
EndGlobal
